
Microsoft Visual Studio Solution File, Format Version 12.00
# Visual Studio Version 17
VisualStudioVersion = 17.14.36202.13 d17.14
MinimumVisualStudioVersion = 10.0.40219.1
Project("{F184B08F-C81C-45F6-A57F-5ABD9991F28F}") = "CalculatorApp", "CalculatorApp\CalculatorApp.vbproj", "{C2565CFC-0717-4C3D-86D7-55B2513312B8}"
EndProject
Global
	GlobalSection(SolutionConfigurationPlatforms) = preSolution
		Debug|Any CPU = Debug|Any CPU
		Release|Any CPU = Release|Any CPU
	EndGlobalSection
	GlobalSection(ProjectConfigurationPlatforms) = postSolution
		{C2565CFC-0717-4C3D-86D7-55B2513312B8}.Debug|Any CPU.ActiveCfg = Debug|Any CPU
		{C2565CFC-0717-4C3D-86D7-55B2513312B8}.Debug|Any CPU.Build.0 = Debug|Any CPU
		{C2565CFC-0717-4C3D-86D7-55B2513312B8}.Release|Any CPU.ActiveCfg = Release|Any CPU
		{C2565CFC-0717-4C3D-86D7-55B2513312B8}.Release|Any CPU.Build.0 = Release|Any CPU
	EndGlobalSection
	GlobalSection(SolutionProperties) = preSolution
		HideSolutionNode = FALSE
	EndGlobalSection
	GlobalSection(ExtensibilityGlobals) = postSolution
		SolutionGuid = {EEB6B0BE-EB88-4CE6-AF1C-5949B1B9252A}
	EndGlobalSection
EndGlobal
